
Microsoft Visual Studio Solution File, Format Version 12.00
# Visual Studio Version 17
VisualStudioVersion = 17.7.34221.43
MinimumVisualStudioVersion = 10.0.40219.1
Project("{FAE04EC0-301F-11D3-BF4B-00C04F79EFBC}") = "Proyecto_ED", "Proyecto_ED\Proyecto_ED.csproj", "{0748160B-3A1F-4409-858E-40C42B28512F}"
EndProject
Global
	GlobalSection(SolutionConfigurationPlatforms) = preSolution
		Debug|Any CPU = Debug|Any CPU
		Release|Any CPU = Release|Any CPU
	EndGlobalSection
	GlobalSection(ProjectConfigurationPlatforms) = postSolution
		{0748160B-3A1F-4409-858E-40C42B28512F}.Debug|Any CPU.ActiveCfg = Debug|Any CPU
		{0748160B-3A1F-4409-858E-40C42B28512F}.Debug|Any CPU.Build.0 = Debug|Any CPU
		{0748160B-3A1F-4409-858E-40C42B28512F}.Release|Any CPU.ActiveCfg = Release|Any CPU
		{0748160B-3A1F-4409-858E-40C42B28512F}.Release|Any CPU.Build.0 = Release|Any CPU
	EndGlobalSection
	GlobalSection(SolutionProperties) = preSolution
		HideSolutionNode = FALSE
	EndGlobalSection
	GlobalSection(ExtensibilityGlobals) = postSolution
		SolutionGuid = {2FCCB31F-DF9A-4117-92E2-799DB368369C}
	EndGlobalSection
EndGlobal
